
Microsoft Visual Studio Solution File, Format Version 12.00
# Visual Studio Version 17
VisualStudioVersion = 17.5.33502.453
MinimumVisualStudioVersion = 10.0.40219.1
Project("{FAE04EC0-301F-11D3-BF4B-00C04F79EFBC}") = "JosesServer", "JosesServer\JosesServer.csproj", "{2F0DD863-3748-4F8B-91FC-633D37830FC6}"
EndProject
Global
	GlobalSection(SolutionConfigurationPlatforms) = preSolution
		Debug|Any CPU = Debug|Any CPU
		Release|Any CPU = Release|Any CPU
	EndGlobalSection
	GlobalSection(ProjectConfigurationPlatforms) = postSolution
		{2F0DD863-3748-4F8B-91FC-633D37830FC6}.Debug|Any CPU.ActiveCfg = Debug|Any CPU
		{2F0DD863-3748-4F8B-91FC-633D37830FC6}.Debug|Any CPU.Build.0 = Debug|Any CPU
		{2F0DD863-3748-4F8B-91FC-633D37830FC6}.Release|Any CPU.ActiveCfg = Release|Any CPU
		{2F0DD863-3748-4F8B-91FC-633D37830FC6}.Release|Any CPU.Build.0 = Release|Any CPU
	EndGlobalSection
	GlobalSection(SolutionProperties) = preSolution
		HideSolutionNode = FALSE
	EndGlobalSection
	GlobalSection(ExtensibilityGlobals) = postSolution
		SolutionGuid = {CB833155-0A4F-4763-9096-6A3700CD63DB}
	EndGlobalSection
EndGlobal
